
Microsoft Visual Studio Solution File, Format Version 12.00
# Visual Studio Version 16
VisualStudioVersion = 16.0.28803.156
MinimumVisualStudioVersion = 10.0.40219.1
Project("{FAE04EC0-301F-11D3-BF4B-00C04F79EFBC}") = "CoreXF.Droid", "MainApp\CoreXF.Droid\CoreXF.Droid.csproj", "{7DA87810-E05E-4D3E-B4EC-7626C519EC02}"
EndProject
Project("{FAE04EC0-301F-11D3-BF4B-00C04F79EFBC}") = "CoreXF.iOS", "MainApp\CoreXF.iOS\CoreXF.iOS.csproj", "{E71F3053-056C-4381-9638-048ED73BDFF6}"
EndProject
Project("{9A19103F-16F7-4668-BE54-9A1E7A4F7556}") = "CoreXF", "MainApp\CoreXF\CoreXF.csproj", "{EFB92413-5E62-4710-9B19-053BF7CF08E1}"
EndProject
Project("{2150E333-8FDC-42A3-9474-1A3956D46DE8}") = "Core", "Core", "{3433D809-F0D3-49D2-9EFE-E3C5FCF7B49F}"
EndProject
Project("{FAE04EC0-301F-11D3-BF4B-00C04F79EFBC}") = "CoreXF.UWP", "MainApp\CoreXF.UWP\CoreXF.UWP.csproj", "{93A38C03-5638-4AF2-8959-11D27944606D}"
EndProject
Global
	GlobalSection(SolutionConfigurationPlatforms) = preSolution
		Ad-Hoc|Any CPU = Ad-Hoc|Any CPU
		Ad-Hoc|ARM = Ad-Hoc|ARM
		Ad-Hoc|ARM64 = Ad-Hoc|ARM64
		Ad-Hoc|iPhone = Ad-Hoc|iPhone
		Ad-Hoc|iPhoneSimulator = Ad-Hoc|iPhoneSimulator
		Ad-Hoc|x64 = Ad-Hoc|x64
		Ad-Hoc|x86 = Ad-Hoc|x86
		AppStore|Any CPU = AppStore|Any CPU
		AppStore|ARM = AppStore|ARM
		AppStore|ARM64 = AppStore|ARM64
		AppStore|iPhone = AppStore|iPhone
		AppStore|iPhoneSimulator = AppStore|iPhoneSimulator
		AppStore|x64 = AppStore|x64
		AppStore|x86 = AppStore|x86
		Debug|Any CPU = Debug|Any CPU
		Debug|ARM = Debug|ARM
		Debug|ARM64 = Debug|ARM64
		Debug|iPhone = Debug|iPhone
		Debug|iPhoneSimulator = Debug|iPhoneSimulator
		Debug|x64 = Debug|x64
		Debug|x86 = Debug|x86
		NN_Debug|Any CPU = NN_Debug|Any CPU
		NN_Debug|ARM = NN_Debug|ARM
		NN_Debug|ARM64 = NN_Debug|ARM64
		NN_Debug|iPhone = NN_Debug|iPhone
		NN_Debug|iPhoneSimulator = NN_Debug|iPhoneSimulator
		NN_Debug|x64 = NN_Debug|x64
		NN_Debug|x86 = NN_Debug|x86
		NN_Release|Any CPU = NN_Release|Any CPU
		NN_Release|ARM = NN_Release|ARM
		NN_Release|ARM64 = NN_Release|ARM64
		NN_Release|iPhone = NN_Release|iPhone
		NN_Release|iPhoneSimulator = NN_Release|iPhoneSimulator
		NN_Release|x64 = NN_Release|x64
		NN_Release|x86 = NN_Release|x86
		Release|Any CPU = Release|Any CPU
		Release|ARM = Release|ARM
		Release|ARM64 = Release|ARM64
		Release|iPhone = Release|iPhone
		Release|iPhoneSimulator = Release|iPhoneSimulator
		Release|x64 = Release|x64
		Release|x86 = Release|x86
	EndGlobalSection
	GlobalSection(ProjectConfigurationPlatforms) = postSolution
		{7DA87810-E05E-4D3E-B4EC-7626C519EC02}.Ad-Hoc|Any CPU.ActiveCfg = Release|Any CPU
		{7DA87810-E05E-4D3E-B4EC-7626C519EC02}.Ad-Hoc|Any CPU.Build.0 = Release|Any CPU
		{7DA87810-E05E-4D3E-B4EC-7626C519EC02}.Ad-Hoc|ARM.ActiveCfg = Debug|Any CPU
		{7DA87810-E05E-4D3E-B4EC-7626C519EC02}.Ad-Hoc|ARM.Build.0 = Debug|Any CPU
		{7DA87810-E05E-4D3E-B4EC-7626C519EC02}.Ad-Hoc|ARM64.ActiveCfg = Debug|Any CPU
		{7DA87810-E05E-4D3E-B4EC-7626C519EC02}.Ad-Hoc|ARM64.Build.0 = Debug|Any CPU
		{7DA87810-E05E-4D3E-B4EC-7626C519EC02}.Ad-Hoc|iPhone.ActiveCfg = Release|Any CPU
		{7DA87810-E05E-4D3E-B4EC-7626C519EC02}.Ad-Hoc|iPhone.Build.0 = Release|Any CPU
		{7DA87810-E05E-4D3E-B4EC-7626C519EC02}.Ad-Hoc|iPhoneSimulator.ActiveCfg = Release|Any CPU
		{7DA87810-E05E-4D3E-B4EC-7626C519EC02}.Ad-Hoc|iPhoneSimulator.Build.0 = Release|Any CPU
		{7DA87810-E05E-4D3E-B4EC-7626C519EC02}.Ad-Hoc|x64.ActiveCfg = Debug|Any CPU
		{7DA87810-E05E-4D3E-B4EC-7626C519EC02}.Ad-Hoc|x64.Build.0 = Debug|Any CPU
		{7DA87810-E05E-4D3E-B4EC-7626C519EC02}.Ad-Hoc|x86.ActiveCfg = Debug|Any CPU
		{7DA87810-E05E-4D3E-B4EC-7626C519EC02}.Ad-Hoc|x86.Build.0 = Debug|Any CPU
		{7DA87810-E05E-4D3E-B4EC-7626C519EC02}.AppStore|Any CPU.ActiveCfg = Release|Any CPU
		{7DA87810-E05E-4D3E-B4EC-7626C519EC02}.AppStore|Any CPU.Build.0 = Release|Any CPU
		{7DA87810-E05E-4D3E-B4EC-7626C519EC02}.AppStore|ARM.ActiveCfg = Debug|Any CPU
		{7DA87810-E05E-4D3E-B4EC-7626C519EC02}.AppStore|ARM.Build.0 = Debug|Any CPU
		{7DA87810-E05E-4D3E-B4EC-7626C519EC02}.AppStore|ARM64.ActiveCfg = Debug|Any CPU
		{7DA87810-E05E-4D3E-B4EC-7626C519EC02}.AppStore|ARM64.Build.0 = Debug|Any CPU
		{7DA87810-E05E-4D3E-B4EC-7626C519EC02}.AppStore|iPhone.ActiveCfg = Release|Any CPU
		{7DA87810-E05E-4D3E-B4EC-7626C519EC02}.AppStore|iPhone.Build.0 = Release|Any CPU
		{7DA87810-E05E-4D3E-B4EC-7626C519EC02}.AppStore|iPhoneSimulator.ActiveCfg = Release|Any CPU
		{7DA87810-E05E-4D3E-B4EC-7626C519EC02}.AppStore|iPhoneSimulator.Build.0 = Release|Any CPU
		{7DA87810-E05E-4D3E-B4EC-7626C519EC02}.AppStore|x64.ActiveCfg = Debug|Any CPU
		{7DA87810-E05E-4D3E-B4EC-7626C519EC02}.AppStore|x64.Build.0 = Debug|Any CPU
		{7DA87810-E05E-4D3E-B4EC-7626C519EC02}.AppStore|x86.ActiveCfg = Debug|Any CPU
		{7DA87810-E05E-4D3E-B4EC-7626C519EC02}.AppStore|x86.Build.0 = Debug|Any CPU
		{7DA87810-E05E-4D3E-B4EC-7626C519EC02}.Debug|Any CPU.ActiveCfg = Debug|Any CPU
		{7DA87810-E05E-4D3E-B4EC-7626C519EC02}.Debug|Any CPU.Build.0 = Debug|Any CPU
		{7DA87810-E05E-4D3E-B4EC-7626C519EC02}.Debug|ARM.ActiveCfg = Debug|Any CPU
		{7DA87810-E05E-4D3E-B4EC-7626C519EC02}.Debug|ARM.Build.0 = Debug|Any CPU
		{7DA87810-E05E-4D3E-B4EC-7626C519EC02}.Debug|ARM64.ActiveCfg = Debug|Any CPU
		{7DA87810-E05E-4D3E-B4EC-7626C519EC02}.Debug|ARM64.Build.0 = Debug|Any CPU
		{7DA87810-E05E-4D3E-B4EC-7626C519EC02}.Debug|iPhone.ActiveCfg = Debug|Any CPU
		{7DA87810-E05E-4D3E-B4EC-7626C519EC02}.Debug|iPhoneSimulator.ActiveCfg = Debug|Any CPU
		{7DA87810-E05E-4D3E-B4EC-7626C519EC02}.Debug|x64.ActiveCfg = Debug|Any CPU
		{7DA87810-E05E-4D3E-B4EC-7626C519EC02}.Debug|x64.Build.0 = Debug|Any CPU
		{7DA87810-E05E-4D3E-B4EC-7626C519EC02}.Debug|x86.ActiveCfg = Debug|Any CPU
		{7DA87810-E05E-4D3E-B4EC-7626C519EC02}.NN_Debug|Any CPU.ActiveCfg = Debug|Any CPU
		{7DA87810-E05E-4D3E-B4EC-7626C519EC02}.NN_Debug|Any CPU.Build.0 = Debug|Any CPU
		{7DA87810-E05E-4D3E-B4EC-7626C519EC02}.NN_Debug|ARM.ActiveCfg = Debug|Any CPU
		{7DA87810-E05E-4D3E-B4EC-7626C519EC02}.NN_Debug|ARM.Build.0 = Debug|Any CPU
		{7DA87810-E05E-4D3E-B4EC-7626C519EC02}.NN_Debug|ARM64.ActiveCfg = Debug|Any CPU
		{7DA87810-E05E-4D3E-B4EC-7626C519EC02}.NN_Debug|ARM64.Build.0 = Debug|Any CPU
		{7DA87810-E05E-4D3E-B4EC-7626C519EC02}.NN_Debug|iPhone.ActiveCfg = Debug|Any CPU
		{7DA87810-E05E-4D3E-B4EC-7626C519EC02}.NN_Debug|iPhoneSimulator.ActiveCfg = Debug|Any CPU
		{7DA87810-E05E-4D3E-B4EC-7626C519EC02}.NN_Debug|x64.ActiveCfg = Debug|Any CPU
		{7DA87810-E05E-4D3E-B4EC-7626C519EC02}.NN_Debug|x64.Build.0 = Debug|Any CPU
		{7DA87810-E05E-4D3E-B4EC-7626C519EC02}.NN_Debug|x86.ActiveCfg = Debug|Any CPU
		{7DA87810-E05E-4D3E-B4EC-7626C519EC02}.NN_Release|Any CPU.ActiveCfg = Release|Any CPU
		{7DA87810-E05E-4D3E-B4EC-7626C519EC02}.NN_Release|Any CPU.Build.0 = Release|Any CPU
		{7DA87810-E05E-4D3E-B4EC-7626C519EC02}.NN_Release|ARM.ActiveCfg = Release|Any CPU
		{7DA87810-E05E-4D3E-B4EC-7626C519EC02}.NN_Release|ARM.Build.0 = Release|Any CPU
		{7DA87810-E05E-4D3E-B4EC-7626C519EC02}.NN_Release|ARM64.ActiveCfg = Release|Any CPU
		{7DA87810-E05E-4D3E-B4EC-7626C519EC02}.NN_Release|ARM64.Build.0 = Release|Any CPU
		{7DA87810-E05E-4D3E-B4EC-7626C519EC02}.NN_Release|iPhone.ActiveCfg = Release|Any CPU
		{7DA87810-E05E-4D3E-B4EC-7626C519EC02}.NN_Release|iPhoneSimulator.ActiveCfg = Release|Any CPU
		{7DA87810-E05E-4D3E-B4EC-7626C519EC02}.NN_Release|x64.ActiveCfg = Release|Any CPU
		{7DA87810-E05E-4D3E-B4EC-7626C519EC02}.NN_Release|x64.Build.0 = Release|Any CPU
		{7DA87810-E05E-4D3E-B4EC-7626C519EC02}.NN_Release|x86.ActiveCfg = Release|Any CPU
		{7DA87810-E05E-4D3E-B4EC-7626C519EC02}.NN_Release|x86.Build.0 = Release|Any CPU
		{7DA87810-E05E-4D3E-B4EC-7626C519EC02}.Release|Any CPU.ActiveCfg = Release|Any CPU
		{7DA87810-E05E-4D3E-B4EC-7626C519EC02}.Release|Any CPU.Build.0 = Release|Any CPU
		{7DA87810-E05E-4D3E-B4EC-7626C519EC02}.Release|ARM.ActiveCfg = Release|Any CPU
		{7DA87810-E05E-4D3E-B4EC-7626C519EC02}.Release|ARM.Build.0 = Release|Any CPU
		{7DA87810-E05E-4D3E-B4EC-7626C519EC02}.Release|ARM64.ActiveCfg = Release|Any CPU
		{7DA87810-E05E-4D3E-B4EC-7626C519EC02}.Release|ARM64.Build.0 = Release|Any CPU
		{7DA87810-E05E-4D3E-B4EC-7626C519EC02}.Release|iPhone.ActiveCfg = Release|Any CPU
		{7DA87810-E05E-4D3E-B4EC-7626C519EC02}.Release|iPhoneSimulator.ActiveCfg = Release|Any CPU
		{7DA87810-E05E-4D3E-B4EC-7626C519EC02}.Release|iPhoneSimulator.Build.0 = Release|Any CPU
		{7DA87810-E05E-4D3E-B4EC-7626C519EC02}.Release|x64.ActiveCfg = Release|Any CPU
		{7DA87810-E05E-4D3E-B4EC-7626C519EC02}.Release|x64.Build.0 = Release|Any CPU
		{7DA87810-E05E-4D3E-B4EC-7626C519EC02}.Release|x86.ActiveCfg = Release|Any CPU
		{E71F3053-056C-4381-9638-048ED73BDFF6}.Ad-Hoc|Any CPU.ActiveCfg = Debug|Any CPU
		{E71F3053-056C-4381-9638-048ED73BDFF6}.Ad-Hoc|Any CPU.Build.0 = Debug|Any CPU
		{E71F3053-056C-4381-9638-048ED73BDFF6}.Ad-Hoc|ARM.ActiveCfg = Release|Any CPU
		{E71F3053-056C-4381-9638-048ED73BDFF6}.Ad-Hoc|ARM.Build.0 = Release|Any CPU
		{E71F3053-056C-4381-9638-048ED73BDFF6}.Ad-Hoc|ARM64.ActiveCfg = Release|Any CPU
		{E71F3053-056C-4381-9638-048ED73BDFF6}.Ad-Hoc|ARM64.Build.0 = Release|Any CPU
		{E71F3053-056C-4381-9638-048ED73BDFF6}.Ad-Hoc|iPhone.ActiveCfg = Debug|Any CPU
		{E71F3053-056C-4381-9638-048ED73BDFF6}.Ad-Hoc|iPhone.Build.0 = Debug|Any CPU
		{E71F3053-056C-4381-9638-048ED73BDFF6}.Ad-Hoc|iPhoneSimulator.ActiveCfg = Debug|Any CPU
		{E71F3053-056C-4381-9638-048ED73BDFF6}.Ad-Hoc|iPhoneSimulator.Build.0 = Debug|Any CPU
		{E71F3053-056C-4381-9638-048ED73BDFF6}.Ad-Hoc|x64.ActiveCfg = Release|Any CPU
		{E71F3053-056C-4381-9638-048ED73BDFF6}.Ad-Hoc|x64.Build.0 = Release|Any CPU
		{E71F3053-056C-4381-9638-048ED73BDFF6}.Ad-Hoc|x86.ActiveCfg = Release|Any CPU
		{E71F3053-056C-4381-9638-048ED73BDFF6}.Ad-Hoc|x86.Build.0 = Release|Any CPU
		{E71F3053-056C-4381-9638-048ED73BDFF6}.AppStore|Any CPU.ActiveCfg = Debug|Any CPU
		{E71F3053-056C-4381-9638-048ED73BDFF6}.AppStore|Any CPU.Build.0 = Debug|Any CPU
		{E71F3053-056C-4381-9638-048ED73BDFF6}.AppStore|ARM.ActiveCfg = Release|Any CPU
		{E71F3053-056C-4381-9638-048ED73BDFF6}.AppStore|ARM.Build.0 = Release|Any CPU
		{E71F3053-056C-4381-9638-048ED73BDFF6}.AppStore|ARM64.ActiveCfg = Release|Any CPU
		{E71F3053-056C-4381-9638-048ED73BDFF6}.AppStore|ARM64.Build.0 = Release|Any CPU
		{E71F3053-056C-4381-9638-048ED73BDFF6}.AppStore|iPhone.ActiveCfg = Debug|Any CPU
		{E71F3053-056C-4381-9638-048ED73BDFF6}.AppStore|iPhone.Build.0 = Debug|Any CPU
		{E71F3053-056C-4381-9638-048ED73BDFF6}.AppStore|iPhoneSimulator.ActiveCfg = Debug|Any CPU
		{E71F3053-056C-4381-9638-048ED73BDFF6}.AppStore|iPhoneSimulator.Build.0 = Debug|Any CPU
		{E71F3053-056C-4381-9638-048ED73BDFF6}.AppStore|x64.ActiveCfg = Release|Any CPU
		{E71F3053-056C-4381-9638-048ED73BDFF6}.AppStore|x64.Build.0 = Release|Any CPU
		{E71F3053-056C-4381-9638-048ED73BDFF6}.AppStore|x86.ActiveCfg = Release|Any CPU
		{E71F3053-056C-4381-9638-048ED73BDFF6}.AppStore|x86.Build.0 = Release|Any CPU
		{E71F3053-056C-4381-9638-048ED73BDFF6}.Debug|Any CPU.ActiveCfg = Debug|Any CPU
		{E71F3053-056C-4381-9638-048ED73BDFF6}.Debug|ARM.ActiveCfg = Debug|Any CPU
		{E71F3053-056C-4381-9638-048ED73BDFF6}.Debug|ARM.Build.0 = Debug|Any CPU
		{E71F3053-056C-4381-9638-048ED73BDFF6}.Debug|ARM64.ActiveCfg = Debug|Any CPU
		{E71F3053-056C-4381-9638-048ED73BDFF6}.Debug|ARM64.Build.0 = Debug|Any CPU
		{E71F3053-056C-4381-9638-048ED73BDFF6}.Debug|iPhone.ActiveCfg = Debug|Any CPU
		{E71F3053-056C-4381-9638-048ED73BDFF6}.Debug|iPhone.Build.0 = Debug|Any CPU
		{E71F3053-056C-4381-9638-048ED73BDFF6}.Debug|iPhoneSimulator.ActiveCfg = Debug|Any CPU
		{E71F3053-056C-4381-9638-048ED73BDFF6}.Debug|iPhoneSimulator.Build.0 = Debug|Any CPU
		{E71F3053-056C-4381-9638-048ED73BDFF6}.Debug|x64.ActiveCfg = Debug|Any CPU
		{E71F3053-056C-4381-9638-048ED73BDFF6}.Debug|x64.Build.0 = Debug|Any CPU
		{E71F3053-056C-4381-9638-048ED73BDFF6}.Debug|x86.ActiveCfg = Debug|Any CPU
		{E71F3053-056C-4381-9638-048ED73BDFF6}.NN_Debug|Any CPU.ActiveCfg = Debug|Any CPU
		{E71F3053-056C-4381-9638-048ED73BDFF6}.NN_Debug|ARM.ActiveCfg = Debug|Any CPU
		{E71F3053-056C-4381-9638-048ED73BDFF6}.NN_Debug|ARM.Build.0 = Debug|Any CPU
		{E71F3053-056C-4381-9638-048ED73BDFF6}.NN_Debug|ARM64.ActiveCfg = Debug|Any CPU
		{E71F3053-056C-4381-9638-048ED73BDFF6}.NN_Debug|ARM64.Build.0 = Debug|Any CPU
		{E71F3053-056C-4381-9638-048ED73BDFF6}.NN_Debug|iPhone.ActiveCfg = Debug|Any CPU
		{E71F3053-056C-4381-9638-048ED73BDFF6}.NN_Debug|iPhone.Build.0 = Debug|Any CPU
		{E71F3053-056C-4381-9638-048ED73BDFF6}.NN_Debug|iPhoneSimulator.ActiveCfg = Debug|Any CPU
		{E71F3053-056C-4381-9638-048ED73BDFF6}.NN_Debug|iPhoneSimulator.Build.0 = Debug|Any CPU
		{E71F3053-056C-4381-9638-048ED73BDFF6}.NN_Debug|x64.ActiveCfg = Debug|Any CPU
		{E71F3053-056C-4381-9638-048ED73BDFF6}.NN_Debug|x64.Build.0 = Debug|Any CPU
		{E71F3053-056C-4381-9638-048ED73BDFF6}.NN_Debug|x86.ActiveCfg = Debug|Any CPU
		{E71F3053-056C-4381-9638-048ED73BDFF6}.NN_Release|Any CPU.ActiveCfg = Release|Any CPU
		{E71F3053-056C-4381-9638-048ED73BDFF6}.NN_Release|ARM.ActiveCfg = Release|Any CPU
		{E71F3053-056C-4381-9638-048ED73BDFF6}.NN_Release|ARM.Build.0 = Release|Any CPU
		{E71F3053-056C-4381-9638-048ED73BDFF6}.NN_Release|ARM64.ActiveCfg = Release|Any CPU
		{E71F3053-056C-4381-9638-048ED73BDFF6}.NN_Release|ARM64.Build.0 = Release|Any CPU
		{E71F3053-056C-4381-9638-048ED73BDFF6}.NN_Release|iPhone.ActiveCfg = Release|Any CPU
		{E71F3053-056C-4381-9638-048ED73BDFF6}.NN_Release|iPhone.Build.0 = Release|Any CPU
		{E71F3053-056C-4381-9638-048ED73BDFF6}.NN_Release|iPhoneSimulator.ActiveCfg = Release|Any CPU
		{E71F3053-056C-4381-9638-048ED73BDFF6}.NN_Release|iPhoneSimulator.Build.0 = Release|Any CPU
		{E71F3053-056C-4381-9638-048ED73BDFF6}.NN_Release|x64.ActiveCfg = Release|Any CPU
		{E71F3053-056C-4381-9638-048ED73BDFF6}.NN_Release|x64.Build.0 = Release|Any CPU
		{E71F3053-056C-4381-9638-048ED73BDFF6}.NN_Release|x86.ActiveCfg = Release|Any CPU
		{E71F3053-056C-4381-9638-048ED73BDFF6}.NN_Release|x86.Build.0 = Release|Any CPU
		{E71F3053-056C-4381-9638-048ED73BDFF6}.Release|Any CPU.ActiveCfg = Release|Any CPU
		{E71F3053-056C-4381-9638-048ED73BDFF6}.Release|ARM.ActiveCfg = Release|Any CPU
		{E71F3053-056C-4381-9638-048ED73BDFF6}.Release|ARM.Build.0 = Release|Any CPU
		{E71F3053-056C-4381-9638-048ED73BDFF6}.Release|ARM64.ActiveCfg = Release|Any CPU
		{E71F3053-056C-4381-9638-048ED73BDFF6}.Release|ARM64.Build.0 = Release|Any CPU
		{E71F3053-056C-4381-9638-048ED73BDFF6}.Release|iPhone.ActiveCfg = Release|Any CPU
		{E71F3053-056C-4381-9638-048ED73BDFF6}.Release|iPhone.Build.0 = Release|Any CPU
		{E71F3053-056C-4381-9638-048ED73BDFF6}.Release|iPhoneSimulator.ActiveCfg = Release|Any CPU
		{E71F3053-056C-4381-9638-048ED73BDFF6}.Release|iPhoneSimulator.Build.0 = Release|Any CPU
		{E71F3053-056C-4381-9638-048ED73BDFF6}.Release|x64.ActiveCfg = Release|Any CPU
		{E71F3053-056C-4381-9638-048ED73BDFF6}.Release|x64.Build.0 = Release|Any CPU
		{E71F3053-056C-4381-9638-048ED73BDFF6}.Release|x86.ActiveCfg = Release|Any CPU
		{EFB92413-5E62-4710-9B19-053BF7CF08E1}.Ad-Hoc|Any CPU.ActiveCfg = Debug|Any CPU
		{EFB92413-5E62-4710-9B19-053BF7CF08E1}.Ad-Hoc|Any CPU.Build.0 = Debug|Any CPU
		{EFB92413-5E62-4710-9B19-053BF7CF08E1}.Ad-Hoc|ARM.ActiveCfg = Release|Any CPU
		{EFB92413-5E62-4710-9B19-053BF7CF08E1}.Ad-Hoc|ARM.Build.0 = Release|Any CPU
		{EFB92413-5E62-4710-9B19-053BF7CF08E1}.Ad-Hoc|ARM64.ActiveCfg = Release|Any CPU
		{EFB92413-5E62-4710-9B19-053BF7CF08E1}.Ad-Hoc|ARM64.Build.0 = Release|Any CPU
		{EFB92413-5E62-4710-9B19-053BF7CF08E1}.Ad-Hoc|iPhone.ActiveCfg = Debug|Any CPU
		{EFB92413-5E62-4710-9B19-053BF7CF08E1}.Ad-Hoc|iPhone.Build.0 = Debug|Any CPU
		{EFB92413-5E62-4710-9B19-053BF7CF08E1}.Ad-Hoc|iPhoneSimulator.ActiveCfg = Debug|Any CPU
		{EFB92413-5E62-4710-9B19-053BF7CF08E1}.Ad-Hoc|iPhoneSimulator.Build.0 = Debug|Any CPU
		{EFB92413-5E62-4710-9B19-053BF7CF08E1}.Ad-Hoc|x64.ActiveCfg = Release|Any CPU
		{EFB92413-5E62-4710-9B19-053BF7CF08E1}.Ad-Hoc|x64.Build.0 = Release|Any CPU
		{EFB92413-5E62-4710-9B19-053BF7CF08E1}.Ad-Hoc|x86.ActiveCfg = Release|Any CPU
		{EFB92413-5E62-4710-9B19-053BF7CF08E1}.Ad-Hoc|x86.Build.0 = Release|Any CPU
		{EFB92413-5E62-4710-9B19-053BF7CF08E1}.AppStore|Any CPU.ActiveCfg = Debug|Any CPU
		{EFB92413-5E62-4710-9B19-053BF7CF08E1}.AppStore|Any CPU.Build.0 = Debug|Any CPU
		{EFB92413-5E62-4710-9B19-053BF7CF08E1}.AppStore|ARM.ActiveCfg = Release|Any CPU
		{EFB92413-5E62-4710-9B19-053BF7CF08E1}.AppStore|ARM.Build.0 = Release|Any CPU
		{EFB92413-5E62-4710-9B19-053BF7CF08E1}.AppStore|ARM64.ActiveCfg = Release|Any CPU
		{EFB92413-5E62-4710-9B19-053BF7CF08E1}.AppStore|ARM64.Build.0 = Release|Any CPU
		{EFB92413-5E62-4710-9B19-053BF7CF08E1}.AppStore|iPhone.ActiveCfg = Debug|Any CPU
		{EFB92413-5E62-4710-9B19-053BF7CF08E1}.AppStore|iPhone.Build.0 = Debug|Any CPU
		{EFB92413-5E62-4710-9B19-053BF7CF08E1}.AppStore|iPhoneSimulator.ActiveCfg = Debug|Any CPU
		{EFB92413-5E62-4710-9B19-053BF7CF08E1}.AppStore|iPhoneSimulator.Build.0 = Debug|Any CPU
		{EFB92413-5E62-4710-9B19-053BF7CF08E1}.AppStore|x64.ActiveCfg = Release|Any CPU
		{EFB92413-5E62-4710-9B19-053BF7CF08E1}.AppStore|x64.Build.0 = Release|Any CPU
		{EFB92413-5E62-4710-9B19-053BF7CF08E1}.AppStore|x86.ActiveCfg = Release|Any CPU
		{EFB92413-5E62-4710-9B19-053BF7CF08E1}.AppStore|x86.Build.0 = Release|Any CPU
		{EFB92413-5E62-4710-9B19-053BF7CF08E1}.Debug|Any CPU.ActiveCfg = Debug|Any CPU
		{EFB92413-5E62-4710-9B19-053BF7CF08E1}.Debug|Any CPU.Build.0 = Debug|Any CPU
		{EFB92413-5E62-4710-9B19-053BF7CF08E1}.Debug|ARM.ActiveCfg = Debug|Any CPU
		{EFB92413-5E62-4710-9B19-053BF7CF08E1}.Debug|ARM.Build.0 = Debug|Any CPU
		{EFB92413-5E62-4710-9B19-053BF7CF08E1}.Debug|ARM64.ActiveCfg = Debug|Any CPU
		{EFB92413-5E62-4710-9B19-053BF7CF08E1}.Debug|ARM64.Build.0 = Debug|Any CPU
		{EFB92413-5E62-4710-9B19-053BF7CF08E1}.Debug|iPhone.ActiveCfg = Debug|Any CPU
		{EFB92413-5E62-4710-9B19-053BF7CF08E1}.Debug|iPhone.Build.0 = Debug|Any CPU
		{EFB92413-5E62-4710-9B19-053BF7CF08E1}.Debug|iPhoneSimulator.ActiveCfg = Debug|Any CPU
		{EFB92413-5E62-4710-9B19-053BF7CF08E1}.Debug|iPhoneSimulator.Build.0 = Debug|Any CPU
		{EFB92413-5E62-4710-9B19-053BF7CF08E1}.Debug|x64.ActiveCfg = Debug|Any CPU
		{EFB92413-5E62-4710-9B19-053BF7CF08E1}.Debug|x64.Build.0 = Debug|Any CPU
		{EFB92413-5E62-4710-9B19-053BF7CF08E1}.Debug|x86.ActiveCfg = Debug|Any CPU
		{EFB92413-5E62-4710-9B19-053BF7CF08E1}.Debug|x86.Build.0 = Debug|Any CPU
		{EFB92413-5E62-4710-9B19-053BF7CF08E1}.NN_Debug|Any CPU.ActiveCfg = Debug|Any CPU
		{EFB92413-5E62-4710-9B19-053BF7CF08E1}.NN_Debug|Any CPU.Build.0 = Debug|Any CPU
		{EFB92413-5E62-4710-9B19-053BF7CF08E1}.NN_Debug|ARM.ActiveCfg = Debug|Any CPU
		{EFB92413-5E62-4710-9B19-053BF7CF08E1}.NN_Debug|ARM.Build.0 = Debug|Any CPU
		{EFB92413-5E62-4710-9B19-053BF7CF08E1}.NN_Debug|ARM64.ActiveCfg = Debug|Any CPU
		{EFB92413-5E62-4710-9B19-053BF7CF08E1}.NN_Debug|ARM64.Build.0 = Debug|Any CPU
		{EFB92413-5E62-4710-9B19-053BF7CF08E1}.NN_Debug|iPhone.ActiveCfg = Debug|Any CPU
		{EFB92413-5E62-4710-9B19-053BF7CF08E1}.NN_Debug|iPhone.Build.0 = Debug|Any CPU
		{EFB92413-5E62-4710-9B19-053BF7CF08E1}.NN_Debug|iPhoneSimulator.ActiveCfg = Debug|Any CPU
		{EFB92413-5E62-4710-9B19-053BF7CF08E1}.NN_Debug|iPhoneSimulator.Build.0 = Debug|Any CPU
		{EFB92413-5E62-4710-9B19-053BF7CF08E1}.NN_Debug|x64.ActiveCfg = Debug|Any CPU
		{EFB92413-5E62-4710-9B19-053BF7CF08E1}.NN_Debug|x64.Build.0 = Debug|Any CPU
		{EFB92413-5E62-4710-9B19-053BF7CF08E1}.NN_Debug|x86.ActiveCfg = Debug|Any CPU
		{EFB92413-5E62-4710-9B19-053BF7CF08E1}.NN_Debug|x86.Build.0 = Debug|Any CPU
		{EFB92413-5E62-4710-9B19-053BF7CF08E1}.NN_Release|Any CPU.ActiveCfg = Release|Any CPU
		{EFB92413-5E62-4710-9B19-053BF7CF08E1}.NN_Release|Any CPU.Build.0 = Release|Any CPU
		{EFB92413-5E62-4710-9B19-053BF7CF08E1}.NN_Release|ARM.ActiveCfg = Release|Any CPU
		{EFB92413-5E62-4710-9B19-053BF7CF08E1}.NN_Release|ARM.Build.0 = Release|Any CPU
		{EFB92413-5E62-4710-9B19-053BF7CF08E1}.NN_Release|ARM64.ActiveCfg = Release|Any CPU
		{EFB92413-5E62-4710-9B19-053BF7CF08E1}.NN_Release|ARM64.Build.0 = Release|Any CPU
		{EFB92413-5E62-4710-9B19-053BF7CF08E1}.NN_Release|iPhone.ActiveCfg = Release|Any CPU
		{EFB92413-5E62-4710-9B19-053BF7CF08E1}.NN_Release|iPhone.Build.0 = Release|Any CPU
		{EFB92413-5E62-4710-9B19-053BF7CF08E1}.NN_Release|iPhoneSimulator.ActiveCfg = Release|Any CPU
		{EFB92413-5E62-4710-9B19-053BF7CF08E1}.NN_Release|iPhoneSimulator.Build.0 = Release|Any CPU
		{EFB92413-5E62-4710-9B19-053BF7CF08E1}.NN_Release|x64.ActiveCfg = Release|Any CPU
		{EFB92413-5E62-4710-9B19-053BF7CF08E1}.NN_Release|x64.Build.0 = Release|Any CPU
		{EFB92413-5E62-4710-9B19-053BF7CF08E1}.NN_Release|x86.ActiveCfg = Release|Any CPU
		{EFB92413-5E62-4710-9B19-053BF7CF08E1}.NN_Release|x86.Build.0 = Release|Any CPU
		{EFB92413-5E62-4710-9B19-053BF7CF08E1}.Release|Any CPU.ActiveCfg = Release|Any CPU
		{EFB92413-5E62-4710-9B19-053BF7CF08E1}.Release|Any CPU.Build.0 = Release|Any CPU
		{EFB92413-5E62-4710-9B19-053BF7CF08E1}.Release|ARM.ActiveCfg = Release|Any CPU
		{EFB92413-5E62-4710-9B19-053BF7CF08E1}.Release|ARM.Build.0 = Release|Any CPU
		{EFB92413-5E62-4710-9B19-053BF7CF08E1}.Release|ARM64.ActiveCfg = Release|Any CPU
		{EFB92413-5E62-4710-9B19-053BF7CF08E1}.Release|ARM64.Build.0 = Release|Any CPU
		{EFB92413-5E62-4710-9B19-053BF7CF08E1}.Release|iPhone.ActiveCfg = Release|Any CPU
		{EFB92413-5E62-4710-9B19-053BF7CF08E1}.Release|iPhone.Build.0 = Release|Any CPU
		{EFB92413-5E62-4710-9B19-053BF7CF08E1}.Release|iPhoneSimulator.ActiveCfg = Release|Any CPU
		{EFB92413-5E62-4710-9B19-053BF7CF08E1}.Release|iPhoneSimulator.Build.0 = Release|Any CPU
		{EFB92413-5E62-4710-9B19-053BF7CF08E1}.Release|x64.ActiveCfg = Release|Any CPU
		{EFB92413-5E62-4710-9B19-053BF7CF08E1}.Release|x64.Build.0 = Release|Any CPU
		{EFB92413-5E62-4710-9B19-053BF7CF08E1}.Release|x86.ActiveCfg = Release|Any CPU
		{EFB92413-5E62-4710-9B19-053BF7CF08E1}.Release|x86.Build.0 = Release|Any CPU
		{93A38C03-5638-4AF2-8959-11D27944606D}.Ad-Hoc|Any CPU.ActiveCfg = Release|Any CPU
		{93A38C03-5638-4AF2-8959-11D27944606D}.Ad-Hoc|Any CPU.Build.0 = Release|Any CPU
		{93A38C03-5638-4AF2-8959-11D27944606D}.Ad-Hoc|ARM.ActiveCfg = Release|ARM
		{93A38C03-5638-4AF2-8959-11D27944606D}.Ad-Hoc|ARM.Build.0 = Release|ARM
		{93A38C03-5638-4AF2-8959-11D27944606D}.Ad-Hoc|ARM64.ActiveCfg = Release|ARM64
		{93A38C03-5638-4AF2-8959-11D27944606D}.Ad-Hoc|ARM64.Build.0 = Release|ARM64
		{93A38C03-5638-4AF2-8959-11D27944606D}.Ad-Hoc|iPhone.ActiveCfg = Release|Any CPU
		{93A38C03-5638-4AF2-8959-11D27944606D}.Ad-Hoc|iPhone.Build.0 = Release|Any CPU
		{93A38C03-5638-4AF2-8959-11D27944606D}.Ad-Hoc|iPhoneSimulator.ActiveCfg = Release|Any CPU
		{93A38C03-5638-4AF2-8959-11D27944606D}.Ad-Hoc|iPhoneSimulator.Build.0 = Release|Any CPU
		{93A38C03-5638-4AF2-8959-11D27944606D}.Ad-Hoc|x64.ActiveCfg = Release|x64
		{93A38C03-5638-4AF2-8959-11D27944606D}.Ad-Hoc|x64.Build.0 = Release|x64
		{93A38C03-5638-4AF2-8959-11D27944606D}.Ad-Hoc|x86.ActiveCfg = Release|x86
		{93A38C03-5638-4AF2-8959-11D27944606D}.Ad-Hoc|x86.Build.0 = Release|x86
		{93A38C03-5638-4AF2-8959-11D27944606D}.AppStore|Any CPU.ActiveCfg = Release|Any CPU
		{93A38C03-5638-4AF2-8959-11D27944606D}.AppStore|Any CPU.Build.0 = Release|Any CPU
		{93A38C03-5638-4AF2-8959-11D27944606D}.AppStore|ARM.ActiveCfg = Release|ARM
		{93A38C03-5638-4AF2-8959-11D27944606D}.AppStore|ARM.Build.0 = Release|ARM
		{93A38C03-5638-4AF2-8959-11D27944606D}.AppStore|ARM64.ActiveCfg = Release|ARM64
		{93A38C03-5638-4AF2-8959-11D27944606D}.AppStore|ARM64.Build.0 = Release|ARM64
		{93A38C03-5638-4AF2-8959-11D27944606D}.AppStore|iPhone.ActiveCfg = Release|Any CPU
		{93A38C03-5638-4AF2-8959-11D27944606D}.AppStore|iPhone.Build.0 = Release|Any CPU
		{93A38C03-5638-4AF2-8959-11D27944606D}.AppStore|iPhoneSimulator.ActiveCfg = Release|Any CPU
		{93A38C03-5638-4AF2-8959-11D27944606D}.AppStore|iPhoneSimulator.Build.0 = Release|Any CPU
		{93A38C03-5638-4AF2-8959-11D27944606D}.AppStore|x64.ActiveCfg = Release|x64
		{93A38C03-5638-4AF2-8959-11D27944606D}.AppStore|x64.Build.0 = Release|x64
		{93A38C03-5638-4AF2-8959-11D27944606D}.AppStore|x86.ActiveCfg = Release|x86
		{93A38C03-5638-4AF2-8959-11D27944606D}.AppStore|x86.Build.0 = Release|x86
		{93A38C03-5638-4AF2-8959-11D27944606D}.Debug|Any CPU.ActiveCfg = Debug|Any CPU
		{93A38C03-5638-4AF2-8959-11D27944606D}.Debug|ARM.ActiveCfg = Debug|ARM
		{93A38C03-5638-4AF2-8959-11D27944606D}.Debug|ARM.Build.0 = Debug|ARM
		{93A38C03-5638-4AF2-8959-11D27944606D}.Debug|ARM64.ActiveCfg = Debug|ARM64
		{93A38C03-5638-4AF2-8959-11D27944606D}.Debug|ARM64.Build.0 = Debug|ARM64
		{93A38C03-5638-4AF2-8959-11D27944606D}.Debug|iPhone.ActiveCfg = Debug|Any CPU
		{93A38C03-5638-4AF2-8959-11D27944606D}.Debug|iPhoneSimulator.ActiveCfg = Debug|Any CPU
		{93A38C03-5638-4AF2-8959-11D27944606D}.Debug|x64.ActiveCfg = Debug|x64
		{93A38C03-5638-4AF2-8959-11D27944606D}.Debug|x64.Build.0 = Debug|x64
		{93A38C03-5638-4AF2-8959-11D27944606D}.Debug|x86.ActiveCfg = Debug|x86
		{93A38C03-5638-4AF2-8959-11D27944606D}.Debug|x86.Build.0 = Debug|x86
		{93A38C03-5638-4AF2-8959-11D27944606D}.NN_Debug|Any CPU.ActiveCfg = Debug|Any CPU
		{93A38C03-5638-4AF2-8959-11D27944606D}.NN_Debug|ARM.ActiveCfg = Debug|ARM
		{93A38C03-5638-4AF2-8959-11D27944606D}.NN_Debug|ARM.Build.0 = Debug|ARM
		{93A38C03-5638-4AF2-8959-11D27944606D}.NN_Debug|ARM64.ActiveCfg = Debug|ARM64
		{93A38C03-5638-4AF2-8959-11D27944606D}.NN_Debug|ARM64.Build.0 = Debug|ARM64
		{93A38C03-5638-4AF2-8959-11D27944606D}.NN_Debug|iPhone.ActiveCfg = Debug|Any CPU
		{93A38C03-5638-4AF2-8959-11D27944606D}.NN_Debug|iPhoneSimulator.ActiveCfg = Debug|Any CPU
		{93A38C03-5638-4AF2-8959-11D27944606D}.NN_Debug|x64.ActiveCfg = Debug|x64
		{93A38C03-5638-4AF2-8959-11D27944606D}.NN_Debug|x64.Build.0 = Debug|x64
		{93A38C03-5638-4AF2-8959-11D27944606D}.NN_Debug|x86.ActiveCfg = Debug|x86
		{93A38C03-5638-4AF2-8959-11D27944606D}.NN_Debug|x86.Build.0 = Debug|x86
		{93A38C03-5638-4AF2-8959-11D27944606D}.NN_Release|Any CPU.ActiveCfg = Release|Any CPU
		{93A38C03-5638-4AF2-8959-11D27944606D}.NN_Release|ARM.ActiveCfg = Release|ARM
		{93A38C03-5638-4AF2-8959-11D27944606D}.NN_Release|ARM.Build.0 = Release|ARM
		{93A38C03-5638-4AF2-8959-11D27944606D}.NN_Release|ARM64.ActiveCfg = Release|ARM64
		{93A38C03-5638-4AF2-8959-11D27944606D}.NN_Release|ARM64.Build.0 = Release|ARM64
		{93A38C03-5638-4AF2-8959-11D27944606D}.NN_Release|iPhone.ActiveCfg = Release|Any CPU
		{93A38C03-5638-4AF2-8959-11D27944606D}.NN_Release|iPhoneSimulator.ActiveCfg = Release|Any CPU
		{93A38C03-5638-4AF2-8959-11D27944606D}.NN_Release|x64.ActiveCfg = Release|x64
		{93A38C03-5638-4AF2-8959-11D27944606D}.NN_Release|x64.Build.0 = Release|x64
		{93A38C03-5638-4AF2-8959-11D27944606D}.NN_Release|x86.ActiveCfg = Release|x86
		{93A38C03-5638-4AF2-8959-11D27944606D}.NN_Release|x86.Build.0 = Release|x86
		{93A38C03-5638-4AF2-8959-11D27944606D}.Release|Any CPU.ActiveCfg = Release|Any CPU
		{93A38C03-5638-4AF2-8959-11D27944606D}.Release|ARM.ActiveCfg = Release|ARM
		{93A38C03-5638-4AF2-8959-11D27944606D}.Release|ARM.Build.0 = Release|ARM
		{93A38C03-5638-4AF2-8959-11D27944606D}.Release|ARM64.ActiveCfg = Release|ARM64
		{93A38C03-5638-4AF2-8959-11D27944606D}.Release|ARM64.Build.0 = Release|ARM64
		{93A38C03-5638-4AF2-8959-11D27944606D}.Release|iPhone.ActiveCfg = Release|Any CPU
		{93A38C03-5638-4AF2-8959-11D27944606D}.Release|iPhoneSimulator.ActiveCfg = Release|Any CPU
		{93A38C03-5638-4AF2-8959-11D27944606D}.Release|iPhoneSimulator.Build.0 = Release|Any CPU
		{93A38C03-5638-4AF2-8959-11D27944606D}.Release|x64.ActiveCfg = Release|x64
		{93A38C03-5638-4AF2-8959-11D27944606D}.Release|x64.Build.0 = Release|x64
		{93A38C03-5638-4AF2-8959-11D27944606D}.Release|x86.ActiveCfg = Release|x86
		{93A38C03-5638-4AF2-8959-11D27944606D}.Release|x86.Build.0 = Release|x86
	EndGlobalSection
	GlobalSection(SolutionProperties) = preSolution
		HideSolutionNode = FALSE
	EndGlobalSection
	GlobalSection(NestedProjects) = preSolution
		{7DA87810-E05E-4D3E-B4EC-7626C519EC02} = {3433D809-F0D3-49D2-9EFE-E3C5FCF7B49F}
		{E71F3053-056C-4381-9638-048ED73BDFF6} = {3433D809-F0D3-49D2-9EFE-E3C5FCF7B49F}
		{EFB92413-5E62-4710-9B19-053BF7CF08E1} = {3433D809-F0D3-49D2-9EFE-E3C5FCF7B49F}
		{93A38C03-5638-4AF2-8959-11D27944606D} = {3433D809-F0D3-49D2-9EFE-E3C5FCF7B49F}
	EndGlobalSection
	GlobalSection(ExtensibilityGlobals) = postSolution
		SolutionGuid = {21D33A55-567B-4EED-9931-E5889725A4A9}
	EndGlobalSection
EndGlobal
